PODS:
  - Flutter (1.0.0)
  - flutter_union_pay (0.0.1):
    - Flutter

DEPENDENCIES:
  - Flutter (from `Flutter`)
  - flutter_union_pay (from `.symlinks/plugins/flutter_union_pay/ios`)

EXTERNAL SOURCES:
  Flutter:
    :path: Flutter
  flutter_union_pay:
    :path: ".symlinks/plugins/flutter_union_pay/ios"

SPEC CHECKSUMS:
  Flutter: 0e3d915762c693b495b44d77113d4970485de6ec
  flutter_union_pay: 90233d4db14c10e4b680a64c53a0d381a9a4c3aa

PODFILE CHECKSUM: aafe91acc616949ddb318b77800a7f51bffa2a4c

COCOAPODS: 1.9.3
